// !$*UTF8*$!
{
	archiveVersion = 1;
	classes = {
	};
	objectVersion = 48;
	objects = {

/* Begin PBXBuildFile section */
		00A0CF3F1EFECED4006A9D82 /* AppDelegate.swift in Sources */ = {isa = PBXBuildFile; fileRef = 00A0CF3E1EFECED4006A9D82 /* AppDelegate.swift */; };
		00A0CF411EFECED4006A9D82 /* ViewController.swift in Sources */ = {isa = PBXBuildFile; fileRef = 00A0CF401EFECED4006A9D82 /* ViewController.swift */; };
		00A0CF441EFECED4006A9D82 /* Main.storyboard in Resources */ = {isa = PBXBuildFile; fileRef = 00A0CF421EFECED4006A9D82 /* Main.storyboard */; };
		00A0CF461EFECED4006A9D82 /* Assets.xcassets in Resources */ = {isa = PBXBuildFile; fileRef = 00A0CF451EFECED4006A9D82 /* Assets.xcassets */; };
		00A0CF491EFECED4006A9D82 /* LaunchScreen.storyboard in Resources */ = {isa = PBXBuildFile; fileRef = 00A0CF471EFECED4006A9D82 /* LaunchScreen.storyboard */; };
		00A0CF541EFECED4006A9D82 /* test0624Tests.swift in Sources */ = {isa = PBXBuildFile; fileRef = 00A0CF531EFECED4006A9D82 /* test0624Tests.swift */; };
		00A0CF5F1EFECED4006A9D82 /* test0624UITests.swift in Sources */ = {isa = PBXBuildFile; fileRef = 00A0CF5E1EFECED4006A9D82 /* test0624UITests.swift */; };
		00A0CF6D1EFEDD5B006A9D82 /* Models.scnassets in Resources */ = {isa = PBXBuildFile; fileRef = 00A0CF6C1EFEDD5B006A9D82 /* Models.scnassets */; };
		00A0CF6F1EFEDD68006A9D82 /* Models.scnassets in Resources */ = {isa = PBXBuildFile; fileRef = 00A0CF6E1EFEDD68006A9D82 /* Models.scnassets */; };
/* End PBXBuildFile section */

/* Begin PBXContainerItemProxy section */
		00A0CF501EFECED4006A9D82 /* PBXContainerItemProxy */ = {
			isa = PBXContainerItemProxy;
			containerPortal = 00A0CF331EFECED4006A9D82 /* Project object */;
			proxyType = 1;
			remoteGlobalIDString = 00A0CF3A1EFECED4006A9D82;
			remoteInfo = test0624;
		};
		00A0CF5B1EFECED4006A9D82 /* PBXContainerItemProxy */ = {
			isa = PBXContainerItemProxy;
			containerPortal = 00A0CF331EFECED4006A9D82 /* Project object */;
			proxyType = 1;
			remoteGlobalIDString = 00A0CF3A1EFECED4006A9D82;
			remoteInfo = test0624;
		};
/* End PBXContainerItemProxy section */

/* Begin PBXFileReference section */
		00A0CF3B1EFECED4006A9D82 /* test0624.app */ = {isa = PBXFileReference; explicitFileType = wrapper.application; includeInIndex = 0; path = test0624.app; sourceTree = BUILT_PRODUCTS_DIR; };
		00A0CF3E1EFECED4006A9D82 /* AppDelegate.swift */ = {isa = PBXFileReference; lastKnownFileType = sourcecode.swift; path = AppDelegate.swift; sourceTree = "<group>"; };
		00A0CF401EFECED4006A9D82 /* ViewController.swift */ = {isa = PBXFileReference; lastKnownFileType = sourcecode.swift; path = ViewController.swift; sourceTree = "<group>"; };
		00A0CF431EFECED4006A9D82 /* Base */ = {isa = PBXFileReference; lastKnownFileType = file.storyboard; name = Base; path = Base.lproj/Main.storyboard; sourceTree = "<group>"; };
		00A0CF451EFECED4006A9D82 /* Assets.xcassets */ = {isa = PBXFileReference; lastKnownFileType = folder.assetcatalog; path = Assets.xcassets; sourceTree = "<group>"; };
		00A0CF481EFECED4006A9D82 /* Base */ = {isa = PBXFileReference; lastKnownFileType = file.storyboard; name = Base; path = Base.lproj/LaunchScreen.storyboard; sourceTree = "<group>"; };
		00A0CF4A1EFECED4006A9D82 /* Info.plist */ = {isa = PBXFileReference; lastKnownFileType = text.plist.xml; path = Info.plist; sourceTree = "<group>"; };
		00A0CF4F1EFECED4006A9D82 /* test0624Tests.xctest */ = {isa = PBXFileReference; explicitFileType = wrapper.cfbundle; includeInIndex = 0; path = test0624Tests.xctest; sourceTree = BUILT_PRODUCTS_DIR; };
		00A0CF531EFECED4006A9D82 /* test0624Tests.swift */ = {isa = PBXFileReference; lastKnownFileType = sourcecode.swift; path = test0624Tests.swift; sourceTree = "<group>"; };
		00A0CF551EFECED4006A9D82 /* Info.plist */ = {isa = PBXFileReference; lastKnownFileType = text.plist.xml; path = Info.plist; sourceTree = "<group>"; };
		00A0CF5A1EFECED4006A9D82 /* test0624UITests.xctest */ = {isa = PBXFileReference; explicitFileType = wrapper.cfbundle; includeInIndex = 0; path = test0624UITests.xctest; sourceTree = BUILT_PRODUCTS_DIR; };
		00A0CF5E1EFECED4006A9D82 /* test0624UITests.swift */ = {isa = PBXFileReference; lastKnownFileType = sourcecode.swift; path = test0624UITests.swift; sourceTree = "<group>"; };
		00A0CF601EFECED4006A9D82 /* Info.plist */ = {isa = PBXFileReference; lastKnownFileType = text.plist.xml; path = Info.plist; sourceTree = "<group>"; };
		00A0CF6C1EFEDD5B006A9D82 /* Models.scnassets */ = {isa = PBXFileReference; lastKnownFileType = wrapper.scnassets; name = Models.scnassets; path = ../../../Downloads/Models.scnassets; sourceTree = "<group>"; };
		00A0CF6E1EFEDD68006A9D82 /* Models.scnassets */ = {isa = PBXFileReference; lastKnownFileType = wrapper.scnassets; path = Models.scnassets; sourceTree = "<group>"; };
/* End PBXFileReference section */

/* Begin PBXFrameworksBuildPhase section */
		00A0CF381EFECED4006A9D82 /* Frameworks */ = {
			isa = PBXFrameworksBuildPhase;
			buildActionMask = 2147483647;
			files = (
			);
			runOnlyForDeploymentPostprocessing = 0;
		};
		00A0CF4C1EFECED4006A9D82 /* Frameworks */ = {
			isa = PBXFrameworksBuildPhase;
			buildActionMask = 2147483647;
			files = (
			);
			runOnlyForDeploymentPostprocessing = 0;
		};
		00A0CF571EFECED4006A9D82 /* Frameworks */ = {
			isa = PBXFrameworksBuildPhase;
			buildActionMask = 2147483647;
			files = (
			);
			runOnlyForDeploymentPostprocessing = 0;
		};
/* End PBXFrameworksBuildPhase section */

/* Begin PBXGroup section */
		00A0CF321EFECED4006A9D82 = {
			isa = PBXGroup;
			children = (
				00A0CF3D1EFECED4006A9D82 /* test0624 */,
				00A0CF6C1EFEDD5B006A9D82 /* Models.scnassets */,
				00A0CF521EFECED4006A9D82 /* test0624Tests */,
				00A0CF5D1EFECED4006A9D82 /* test0624UITests */,
				00A0CF3C1EFECED4006A9D82 /* Products */,
			);
			sourceTree = "<group>";
		};
		00A0CF3C1EFECED4006A9D82 /* Products */ = {
			isa = PBXGroup;
			children = (
				00A0CF3B1EFECED4006A9D82 /* test0624.app */,
				00A0CF4F1EFECED4006A9D82 /* test0624Tests.xctest */,
				00A0CF5A1EFECED4006A9D82 /* test0624UITests.xctest */,
			);
			name = Products;
			sourceTree = "<group>";
		};
		00A0CF3D1EFECED4006A9D82 /* test0624 */ = {
			isa = PBXGroup;
			children = (
				00A0CF3E1EFECED4006A9D82 /* AppDelegate.swift */,
				00A0CF401EFECED4006A9D82 /* ViewController.swift */,
				00A0CF421EFECED4006A9D82 /* Main.storyboard */,
				00A0CF451EFECED4006A9D82 /* Assets.xcassets */,
				00A0CF6E1EFEDD68006A9D82 /* Models.scnassets */,
				00A0CF471EFECED4006A9D82 /* LaunchScreen.storyboard */,
				00A0CF4A1EFECED4006A9D82 /* Info.plist */,
			);
			path = test0624;
			sourceTree = "<group>";
		};
		00A0CF521EFECED4006A9D82 /* test0624Tests */ = {
			isa = PBXGroup;
			children = (
				00A0CF531EFECED4006A9D82 /* test0624Tests.swift */,
				00A0CF551EFECED4006A9D82 /* Info.plist */,
			);
			path = test0624Tests;
			sourceTree = "<group>";
		};
		00A0CF5D1EFECED4006A9D82 /* test0624UITests */ = {
			isa = PBXGroup;
			children = (
				00A0CF5E1EFECED4006A9D82 /* test0624UITests.swift */,
				00A0CF601EFECED4006A9D82 /* Info.plist */,
			);
			path = test0624UITests;
			sourceTree = "<group>";
		};
/* End PBXGroup section */

/* Begin PBXNativeTarget section */
		00A0CF3A1EFECED4006A9D82 /* test0624 */ = {
			isa = PBXNativeTarget;
			buildConfigurationList = 00A0CF631EFECED4006A9D82 /* Build configuration list for PBXNativeTarget "test0624" */;
			buildPhases = (
				00A0CF371EFECED4006A9D82 /* Sources */,
				00A0CF381EFECED4006A9D82 /* Frameworks */,
				00A0CF391EFECED4006A9D82 /* Resources */,
			);
			buildRules = (
			);
			dependencies = (
			);
			name = test0624;
			productName = test0624;
			productReference = 00A0CF3B1EFECED4006A9D82 /* test0624.app */;
			productType = "com.apple.product-type.application";
		};
		00A0CF4E1EFECED4006A9D82 /* test0624Tests */ = {
			isa = PBXNativeTarget;
			buildConfigurationList = 00A0CF661EFECED4006A9D82 /* Build configuration list for PBXNativeTarget "test0624Tests" */;
			buildPhases = (
				00A0CF4B1EFECED4006A9D82 /* Sources */,
				00A0CF4C1EFECED4006A9D82 /* Frameworks */,
				00A0CF4D1EFECED4006A9D82 /* Resources */,
			);
			buildRules = (
			);
			dependencies = (
				00A0CF511EFECED4006A9D82 /* PBXTargetDependency */,
			);
			name = test0624Tests;
			productName = test0624Tests;
			productReference = 00A0CF4F1EFECED4006A9D82 /* test0624Tests.xctest */;
			productType = "com.apple.product-type.bundle.unit-test";
		};
		00A0CF591EFECED4006A9D82 /* test0624UITests */ = {
			isa = PBXNativeTarget;
			buildConfigurationList = 00A0CF691EFECED4006A9D82 /* Build configuration list for PBXNativeTarget "test0624UITests" */;
			buildPhases = (
				00A0CF561EFECED4006A9D82 /* Sources */,
				00A0CF571EFECED4006A9D82 /* Frameworks */,
				00A0CF581EFECED4006A9D82 /* Resources */,
			);
			buildRules = (
			);
			dependencies = (
				00A0CF5C1EFECED4006A9D82 /* PBXTargetDependency */,
			);
			name = test0624UITests;
			productName = test0624UITests;
			productReference = 00A0CF5A1EFECED4006A9D82 /* test0624UITests.xctest */;
			productType = "com.apple.product-type.bundle.ui-testing";
		};
/* End PBXNativeTarget section */

/* Begin PBXProject section */
		00A0CF331EFECED4006A9D82 /* Project object */ = {
			isa = PBXProject;
			attributes = {
				LastSwiftUpdateCheck = 0900;
				LastUpgradeCheck = 0900;
				ORGANIZATIONNAME = "Linne S. Huang";
				TargetAttributes = {
					00A0CF3A1EFECED4006A9D82 = {
						CreatedOnToolsVersion = 9.0;
					};
					00A0CF4E1EFECED4006A9D82 = {
						CreatedOnToolsVersion = 9.0;
						TestTargetID = 00A0CF3A1EFECED4006A9D82;
					};
					00A0CF591EFECED4006A9D82 = {
						CreatedOnToolsVersion = 9.0;
						TestTargetID = 00A0CF3A1EFECED4006A9D82;
					};
				};
			};
			buildConfigurationList = 00A0CF361EFECED4006A9D82 /* Build configuration list for PBXProject "test0624" */;
			compatibilityVersion = "Xcode 8.0";
			developmentRegion = en;
			hasScannedForEncodings = 0;
			knownRegions = (
				en,
				Base,
			);
			mainGroup = 00A0CF321EFECED4006A9D82;
			productRefGroup = 00A0CF3C1EFECED4006A9D82 /* Products */;
			projectDirPath = "";
			projectRoot = "";
			targets = (
				00A0CF3A1EFECED4006A9D82 /* test0624 */,
				00A0CF4E1EFECED4006A9D82 /* test0624Tests */,
				00A0CF591EFECED4006A9D82 /* test0624UITests */,
			);
		};
/* End PBXProject section */

/* Begin PBXResourcesBuildPhase section */
		00A0CF391EFECED4006A9D82 /* Resources */ = {
			isa = PBXResourcesBuildPhase;
			buildActionMask = 2147483647;
			files = (
				00A0CF491EFECED4006A9D82 /* LaunchScreen.storyboard in Resources */,
				00A0CF6D1EFEDD5B006A9D82 /* Models.scnassets in Resources */,
				00A0CF461EFECED4006A9D82 /* Assets.xcassets in Resources */,
				00A0CF6F1EFEDD68006A9D82 /* Models.scnassets in Resources */,
				00A0CF441EFECED4006A9D82 /* Main.storyboard in Resources */,
			);
			runOnlyForDeploymentPostprocessing = 0;
		};
		00A0CF4D1EFECED4006A9D82 /* Resources */ = {
			isa = PBXResourcesBuildPhase;
			buildActionMask = 2147483647;
			files = (
			);
			runOnlyForDeploymentPostprocessing = 0;
		};
		00A0CF581EFECED4006A9D82 /* Resources */ = {
			isa = PBXResourcesBuildPhase;
			buildActionMask = 2147483647;
			files = (
			);
			runOnlyForDeploymentPostprocessing = 0;
		};
/* End PBXResourcesBuildPhase section */

/* Begin PBXSourcesBuildPhase section */
		00A0CF371EFECED4006A9D82 /* Sources */ = {
			isa = PBXSourcesBuildPhase;
			buildActionMask = 2147483647;
			files = (
				00A0CF411EFECED4006A9D82 /* ViewController.swift in Sources */,
				00A0CF3F1EFECED4006A9D82 /* AppDelegate.swift in Sources */,
			);
			runOnlyForDeploymentPostprocessing = 0;
		};
		00A0CF4B1EFECED4006A9D82 /* Sources */ = {
			isa = PBXSourcesBuildPhase;
			buildActionMask = 2147483647;
			files = (
				00A0CF541EFECED4006A9D82 /* test0624Tests.swift in Sources */,
			);
			runOnlyForDeploymentPostprocessing = 0;
		};
		00A0CF561EFECED4006A9D82 /* Sources */ = {
			isa = PBXSourcesBuildPhase;
			buildActionMask = 2147483647;
			files = (
				00A0CF5F1EFECED4006A9D82 /* test0624UITests.swift in Sources */,
			);
			runOnlyForDeploymentPostprocessing = 0;
		};
/* End PBXSourcesBuildPhase section */

/* Begin PBXTargetDependency section */
		00A0CF511EFECED4006A9D82 /* PBXTargetDependency */ = {
			isa = PBXTargetDependency;
			target = 00A0CF3A1EFECED4006A9D82 /* test0624 */;
			targetProxy = 00A0CF501EFECED4006A9D82 /* PBXContainerItemProxy */;
		};
		00A0CF5C1EFECED4006A9D82 /* PBXTargetDependency */ = {
			isa = PBXTargetDependency;
			target = 00A0CF3A1EFECED4006A9D82 /* test0624 */;
			targetProxy = 00A0CF5B1EFECED4006A9D82 /* PBXContainerItemProxy */;
		};
/* End PBXTargetDependency section */

/* Begin PBXVariantGroup section */
		00A0CF421EFECED4006A9D82 /* Main.storyboard */ = {
			isa = PBXVariantGroup;
			children = (
				00A0CF431EFECED4006A9D82 /* Base */,
			);
			name = Main.storyboard;
			sourceTree = "<group>";
		};
		00A0CF471EFECED4006A9D82 /* LaunchScreen.storyboard */ = {
			isa = PBXVariantGroup;
			children = (
				00A0CF481EFECED4006A9D82 /* Base */,
			);
			name = LaunchScreen.storyboard;
			sourceTree = "<group>";
		};
/* End PBXVariantGroup section */

/* Begin XCBuildConfiguration section */
		00A0CF611EFECED4006A9D82 /* Debug */ = {
			isa = XCBuildConfiguration;
			buildSettings = {
				ALWAYS_SEARCH_USER_PATHS = NO;
				CLANG_ANALYZER_NONNULL = YES;
				CLANG_ANALYZER_NUMBER_OBJECT_CONVERSION = YES_AGGRESSIVE;
				CLANG_CXX_LANGUAGE_STANDARD = "gnu++14";
				CLANG_CXX_LIBRARY = "libc++";
				CLANG_ENABLE_MODULES = YES;
				CLANG_ENABLE_OBJC_ARC = YES;
				CLANG_WARN_BLOCK_CAPTURE_AUTORELEASING = YES;
				CLANG_WARN_BOOL_CONVERSION = YES;
				CLANG_WARN_COMMA = YES;
				CLANG_WARN_CONSTANT_CONVERSION = YES;
				CLANG_WARN_DIRECT_OBJC_ISA_USAGE = YES_ERROR;
				CLANG_WARN_DOCUMENTATION_COMMENTS = YES;
				CLANG_WARN_EMPTY_BODY = YES;
				CLANG_WARN_ENUM_CONVERSION = YES;
				CLANG_WARN_INFINITE_RECURSION = YES;
				CLANG_WARN_INT_CONVERSION = YES;
				CLANG_WARN_OBJC_ROOT_CLASS = YES_ERROR;
				CLANG_WARN_RANGE_LOOP_ANALYSIS = YES;
				CLANG_WARN_STRICT_PROTOTYPES = YES;
				CLANG_WARN_SUSPICIOUS_MOVE = YES;
				CLANG_WARN_UNGUARDED_AVAILABILITY = YES_AGGRESSIVE;
				CLANG_WARN_UNREACHABLE_CODE = YES;
				CLANG_WARN__DUPLICATE_METHOD_MATCH = YES;
				CODE_SIGN_IDENTITY = "iPhone Developer";
				COPY_PHASE_STRIP = NO;
				DEBUG_INFORMATION_FORMAT = dwarf;
				ENABLE_STRICT_OBJC_MSGSEND = YES;
				ENABLE_TESTABILITY = YES;
				GCC_C_LANGUAGE_STANDARD = gnu11;
				GCC_DYNAMIC_NO_PIC = NO;
				GCC_NO_COMMON_BLOCKS = YES;
				GCC_OPTIMIZATION_LEVEL = 0;
				GCC_PREPROCESSOR_DEFINITIONS = (
					"DEBUG=1",
					"$(inherited)",
				);
				GCC_WARN_64_TO_32_BIT_CONVERSION = YES;
				GCC_WARN_ABOUT_RETURN_TYPE = YES_ERROR;
				GCC_WARN_UNDECLARED_SELECTOR = YES;
				GCC_WARN_UNINITIALIZED_AUTOS = YES_AGGRESSIVE;
				GCC_WARN_UNUSED_FUNCTION = YES;
				GCC_WARN_UNUSED_VARIABLE = YES;
				IPHONEOS_DEPLOYMENT_TARGET = 11.0;
				MTL_ENABLE_DEBUG_INFO = YES;
				ONLY_ACTIVE_ARCH = YES;
				SDKROOT = iphoneos;
				SWIFT_ACTIVE_COMPILATION_CONDITIONS = DEBUG;
				SWIFT_OPTIMIZATION_LEVEL = "-Onone";
			};
			name = Debug;
		};
		00A0CF621EFECED4006A9D82 /* Release */ = {
			isa = XCBuildConfiguration;
			buildSettings = {
				ALWAYS_SEARCH_USER_PATHS = NO;
				CLANG_ANALYZER_NONNULL = YES;
				CLANG_ANALYZER_NUMBER_OBJECT_CONVERSION = YES_AGGRESSIVE;
				CLANG_CXX_LANGUAGE_STANDARD = "gnu++14";
				CLANG_CXX_LIBRARY = "libc++";
				CLANG_ENABLE_MODULES = YES;
				CLANG_ENABLE_OBJC_ARC = YES;
				CLANG_WARN_BLOCK_CAPTURE_AUTORELEASING = YES;
				CLANG_WARN_BOOL_CONVERSION = YES;
				CLANG_WARN_COMMA = YES;
				CLANG_WARN_CONSTANT_CONVERSION = YES;
				CLANG_WARN_DIRECT_OBJC_ISA_USAGE = YES_ERROR;
				CLANG_WARN_DOCUMENTATION_COMMENTS = YES;
				CLANG_WARN_EMPTY_BODY = YES;
				CLANG_WARN_ENUM_CONVERSION = YES;
				CLANG_WARN_INFINITE_RECURSION = YES;
				CLANG_WARN_INT_CONVERSION = YES;
				CLANG_WARN_OBJC_ROOT_CLASS = YES_ERROR;
				CLANG_WARN_RANGE_LOOP_ANALYSIS = YES;
				CLANG_WARN_STRICT_PROTOTYPES = YES;
				CLANG_WARN_SUSPICIOUS_MOVE = YES;
				CLANG_WARN_UNGUARDED_AVAILABILITY = YES_AGGRESSIVE;
				CLANG_WARN_UNREACHABLE_CODE = YES;
				CLANG_WARN__DUPLICATE_METHOD_MATCH = YES;
				CODE_SIGN_IDENTITY = "iPhone Developer";
				COPY_PHASE_STRIP = NO;
				DEBUG_INFORMATION_FORMAT = "dwarf-with-dsym";
				ENABLE_NS_ASSERTIONS = NO;
				ENABLE_STRICT_OBJC_MSGSEND = YES;
				GCC_C_LANGUAGE_STANDARD = gnu11;
				GCC_NO_COMMON_BLOCKS = YES;
				GCC_WARN_64_TO_32_BIT_CONVERSION = YES;
				GCC_WARN_ABOUT_RETURN_TYPE = YES_ERROR;
				GCC_WARN_UNDECLARED_SELECTOR = YES;
				GCC_WARN_UNINITIALIZED_AUTOS = YES_AGGRESSIVE;
				GCC_WARN_UNUSED_FUNCTION = YES;
				GCC_WARN_UNUSED_VARIABLE = YES;
				IPHONEOS_DEPLOYMENT_TARGET = 11.0;
				MTL_ENABLE_DEBUG_INFO = NO;
				SDKROOT = iphoneos;
				SWIFT_OPTIMIZATION_LEVEL = "-Owholemodule";
				VALIDATE_PRODUCT = YES;
			};
			name = Release;
		};
		00A0CF641EFECED4006A9D82 /* Debug */ = {
			isa = XCBuildConfiguration;
			buildSettings = {
				ASSETCATALOG_COMPILER_APPICON_NAME = AppIcon;
				DEVELOPMENT_TEAM = 7T922T47U9;
				INFOPLIST_FILE = test0624/Info.plist;
				LD_RUNPATH_SEARCH_PATHS = "$(inherited) @executable_path/Frameworks";
				PRODUCT_BUNDLE_IDENTIFIER = com.linneshuang.test0624;
				PRODUCT_NAME = "$(TARGET_NAME)";
				SWIFT_VERSION = 4.0;
				TARGETED_DEVICE_FAMILY = "1,2";
			};
			name = Debug;
		};
		00A0CF651EFECED4006A9D82 /* Release */ = {
			isa = XCBuildConfiguration;
			buildSettings = {
				ASSETCATALOG_COMPILER_APPICON_NAME = AppIcon;
				DEVELOPMENT_TEAM = 7T922T47U9;
				INFOPLIST_FILE = test0624/Info.plist;
				LD_RUNPATH_SEARCH_PATHS = "$(inherited) @executable_path/Frameworks";
				PRODUCT_BUNDLE_IDENTIFIER = com.linneshuang.test0624;
				PRODUCT_NAME = "$(TARGET_NAME)";
				SWIFT_VERSION = 4.0;
				TARGETED_DEVICE_FAMILY = "1,2";
			};
			name = Release;
		};
		00A0CF671EFECED4006A9D82 /* Debug */ = {
			isa = XCBuildConfiguration;
			buildSettings = {
				ALWAYS_EMBED_SWIFT_STANDARD_LIBRARIES = YES;
				BUNDLE_LOADER = "$(TEST_HOST)";
				DEVELOPMENT_TEAM = 7T922T47U9;
				INFOPLIST_FILE = test0624Tests/Info.plist;
				LD_RUNPATH_SEARCH_PATHS = "$(inherited) @executable_path/Frameworks @loader_path/Frameworks";
				PRODUCT_BUNDLE_IDENTIFIER = com.linneshuang.test0624Tests;
				PRODUCT_NAME = "$(TARGET_NAME)";
				SWIFT_VERSION = 4.0;
				TARGETED_DEVICE_FAMILY = "1,2";
				TEST_HOST = "$(BUILT_PRODUCTS_DIR)/test0624.app/test0624";
			};
			name = Debug;
		};
		00A0CF681EFECED4006A9D82 /* Release */ = {
			isa = XCBuildConfiguration;
			buildSettings = {
				ALWAYS_EMBED_SWIFT_STANDARD_LIBRARIES = YES;
				BUNDLE_LOADER = "$(TEST_HOST)";
				DEVELOPMENT_TEAM = 7T922T47U9;
				INFOPLIST_FILE = test0624Tests/Info.plist;
				LD_RUNPATH_SEARCH_PATHS = "$(inherited) @executable_path/Frameworks @loader_path/Frameworks";
				PRODUCT_BUNDLE_IDENTIFIER = com.linneshuang.test0624Tests;
				PRODUCT_NAME = "$(TARGET_NAME)";
				SWIFT_VERSION = 4.0;
				TARGETED_DEVICE_FAMILY = "1,2";
				TEST_HOST = "$(BUILT_PRODUCTS_DIR)/test0624.app/test0624";
			};
			name = Release;
		};
		00A0CF6A1EFECED4006A9D82 /* Debug */ = {
			isa = XCBuildConfiguration;
			buildSettings = {
				ALWAYS_EMBED_SWIFT_STANDARD_LIBRARIES = YES;
				DEVELOPMENT_TEAM = 7T922T47U9;
				INFOPLIST_FILE = test0624UITests/Info.plist;
				LD_RUNPATH_SEARCH_PATHS = "$(inherited) @executable_path/Frameworks @loader_path/Frameworks";
				PRODUCT_BUNDLE_IDENTIFIER = com.linneshuang.test0624UITests;
				PRODUCT_NAME = "$(TARGET_NAME)";
				SWIFT_VERSION = 4.0;
				TARGETED_DEVICE_FAMILY = "1,2";
				TEST_TARGET_NAME = test0624;
			};
			name = Debug;
		};
		00A0CF6B1EFECED4006A9D82 /* Release */ = {
			isa = XCBuildConfiguration;
			buildSettings = {
				ALWAYS_EMBED_SWIFT_STANDARD_LIBRARIES = YES;
				DEVELOPMENT_TEAM = 7T922T47U9;
				INFOPLIST_FILE = test0624UITests/Info.plist;
				LD_RUNPATH_SEARCH_PATHS = "$(inherited) @executable_path/Frameworks @loader_path/Frameworks";
				PRODUCT_BUNDLE_IDENTIFIER = com.linneshuang.test0624UITests;
				PRODUCT_NAME = "$(TARGET_NAME)";
				SWIFT_VERSION = 4.0;
				TARGETED_DEVICE_FAMILY = "1,2";
				TEST_TARGET_NAME = test0624;
			};
			name = Release;
		};
/* End XCBuildConfiguration section */

/* Begin XCConfigurationList section */
		00A0CF361EFECED4006A9D82 /* Build configuration list for PBXProject "test0624" */ = {
			isa = XCConfigurationList;
			buildConfigurations = (
				00A0CF611EFECED4006A9D82 /* Debug */,
				00A0CF621EFECED4006A9D82 /* Release */,
			);
			defaultConfigurationIsVisible = 0;
			defaultConfigurationName = Release;
		};
		00A0CF631EFECED4006A9D82 /* Build configuration list for PBXNativeTarget "test0624" */ = {
			isa = XCConfigurationList;
			buildConfigurations = (
				00A0CF641EFECED4006A9D82 /* Debug */,
				00A0CF651EFECED4006A9D82 /* Release */,
			);
			defaultConfigurationIsVisible = 0;
		};
		00A0CF661EFECED4006A9D82 /* Build configuration list for PBXNativeTarget "test0624Tests" */ = {
			isa = XCConfigurationList;
			buildConfigurations = (
				00A0CF671EFECED4006A9D82 /* Debug */,
				00A0CF681EFECED4006A9D82 /* Release */,
			);
			defaultConfigurationIsVisible = 0;
		};
		00A0CF691EFECED4006A9D82 /* Build configuration list for PBXNativeTarget "test0624UITests" */ = {
			isa = XCConfigurationList;
			buildConfigurations = (
				00A0CF6A1EFECED4006A9D82 /* Debug */,
				00A0CF6B1EFECED4006A9D82 /* Release */,
			);
			defaultConfigurationIsVisible = 0;
		};
/* End XCConfigurationList section */
	};
	rootObject = 00A0CF331EFECED4006A9D82 /* Project object */;
}
